
Microsoft Visual Studio Solution File, Format Version 12.00
# Visual Studio Version 16
VisualStudioVersion = 16.0.31129.286
MinimumVisualStudioVersion = 10.0.40219.1
Project("{FAE04EC0-301F-11D3-BF4B-00C04F79EFBC}") = "chattingServer", "chattingServer.csproj", "{2CE42210-7B6C-43A4-BF98-CA9763CE24A6}"
EndProject
Global
	GlobalSection(SolutionConfigurationPlatforms) = preSolution
		Debug|Any CPU = Debug|Any CPU
		Release|Any CPU = Release|Any CPU
	EndGlobalSection
	GlobalSection(ProjectConfigurationPlatforms) = postSolution
		{2CE42210-7B6C-43A4-BF98-CA9763CE24A6}.Debug|Any CPU.ActiveCfg = Debug|Any CPU
		{2CE42210-7B6C-43A4-BF98-CA9763CE24A6}.Debug|Any CPU.Build.0 = Debug|Any CPU
		{2CE42210-7B6C-43A4-BF98-CA9763CE24A6}.Release|Any CPU.ActiveCfg = Release|Any CPU
		{2CE42210-7B6C-43A4-BF98-CA9763CE24A6}.Release|Any CPU.Build.0 = Release|Any CPU
	EndGlobalSection
	GlobalSection(SolutionProperties) = preSolution
		HideSolutionNode = FALSE
	EndGlobalSection
	GlobalSection(ExtensibilityGlobals) = postSolution
		SolutionGuid = {B7558631-B453-4613-8587-9820A5E390ED}
	EndGlobalSection
EndGlobal
